// !$*UTF8*$!
{
	archiveVersion = 1;
	classes = {
	};
	objectVersion = 52;
	objects = {

/* Begin PBXBuildFile section */
		ABAF09EB24297E5A00DCD93A /* StarTychCore in Frameworks */ = {isa = PBXBuildFile; productRef = ABAF09EA24297E5A00DCD93A /* StarTychCore */; };
		ABB4ADE024297F50008D3D07 /* StarTychCore in Frameworks */ = {isa = PBXBuildFile; productRef = ABB4ADDF24297F50008D3D07 /* StarTychCore */; };
		ABE2F81823F1F1FB00DB608E /* StarTychCliTests.swift in Sources */ = {isa = PBXBuildFile; fileRef = ABE2F81723F1F1FB00DB608E /* StarTychCliTests.swift */; };
		ABE2F82223F1F9B400DB608E /* TestAssets.xcassets in Resources */ = {isa = PBXBuildFile; fileRef = ABE2F81D23F1F22200DB608E /* TestAssets.xcassets */; };
		ABF7F98B23DCBFC300AB7E02 /* main.swift in Sources */ = {isa = PBXBuildFile; fileRef = ABF7F98A23DCBFC300AB7E02 /* main.swift */; };
/* End PBXBuildFile section */

/* Begin PBXCopyFilesBuildPhase section */
		ABF7F98523DCBFC300AB7E02 /* CopyFiles */ = {
			isa = PBXCopyFilesBuildPhase;
			buildActionMask = 2147483647;
			dstPath = /usr/share/man/man1/;
			dstSubfolderSpec = 0;
			files = (
			);
			runOnlyForDeploymentPostprocessing = 1;
		};
/* End PBXCopyFilesBuildPhase section */

/* Begin PBXFileReference section */
		ABAF09E7242979D600DCD93A /* LICENSE */ = {isa = PBXFileReference; lastKnownFileType = text; path = LICENSE; sourceTree = "<group>"; };
		ABAF09E8242979E900DCD93A /* README.md */ = {isa = PBXFileReference; lastKnownFileType = net.daringfireball.markdown; path = README.md; sourceTree = "<group>"; };
		ABE2F81523F1F1FB00DB608E /* StarTychCliTests.xctest */ = {isa = PBXFileReference; explicitFileType = wrapper.cfbundle; includeInIndex = 0; path = StarTychCliTests.xctest; sourceTree = BUILT_PRODUCTS_DIR; };
		ABE2F81723F1F1FB00DB608E /* StarTychCliTests.swift */ = {isa = PBXFileReference; lastKnownFileType = sourcecode.swift; path = StarTychCliTests.swift; sourceTree = "<group>"; };
		ABE2F81923F1F1FB00DB608E /* Info.plist */ = {isa = PBXFileReference; lastKnownFileType = text.plist.xml; path = Info.plist; sourceTree = "<group>"; };
		ABE2F81D23F1F22200DB608E /* TestAssets.xcassets */ = {isa = PBXFileReference; lastKnownFileType = folder.assetcatalog; path = TestAssets.xcassets; sourceTree = "<group>"; };
		ABF7F98723DCBFC300AB7E02 /* StarTychCli */ = {isa = PBXFileReference; explicitFileType = "compiled.mach-o.executable"; includeInIndex = 0; path = StarTychCli; sourceTree = BUILT_PRODUCTS_DIR; };
		ABF7F98A23DCBFC300AB7E02 /* main.swift */ = {isa = PBXFileReference; lastKnownFileType = sourcecode.swift; path = main.swift; sourceTree = "<group>"; };
/* End PBXFileReference section */

/* Begin PBXFrameworksBuildPhase section */
		ABE2F81223F1F1FB00DB608E /* Frameworks */ = {
			isa = PBXFrameworksBuildPhase;
			buildActionMask = 2147483647;
			files = (
				ABB4ADE024297F50008D3D07 /* StarTychCore in Frameworks */,
			);
			runOnlyForDeploymentPostprocessing = 0;
		};
		ABF7F98423DCBFC300AB7E02 /* Frameworks */ = {
			isa = PBXFrameworksBuildPhase;
			buildActionMask = 2147483647;
			files = (
				ABAF09EB24297E5A00DCD93A /* StarTychCore in Frameworks */,
			);
			runOnlyForDeploymentPostprocessing = 0;
		};
/* End PBXFrameworksBuildPhase section */

/* Begin PBXGroup section */
		ABE2F81623F1F1FB00DB608E /* StarTychCliTests */ = {
			isa = PBXGroup;
			children = (
				ABE2F81723F1F1FB00DB608E /* StarTychCliTests.swift */,
				ABE2F81D23F1F22200DB608E /* TestAssets.xcassets */,
				ABE2F81923F1F1FB00DB608E /* Info.plist */,
			);
			path = StarTychCliTests;
			sourceTree = "<group>";
		};
		ABE2F81F23F1F44600DB608E /* Frameworks */ = {
			isa = PBXGroup;
			children = (
			);
			name = Frameworks;
			sourceTree = "<group>";
		};
		ABF7F97E23DCBFC300AB7E02 = {
			isa = PBXGroup;
			children = (
				ABAF09E8242979E900DCD93A /* README.md */,
				ABAF09E7242979D600DCD93A /* LICENSE */,
				ABF7F98923DCBFC300AB7E02 /* StarTychCli */,
				ABE2F81623F1F1FB00DB608E /* StarTychCliTests */,
				ABF7F98823DCBFC300AB7E02 /* Products */,
				ABE2F81F23F1F44600DB608E /* Frameworks */,
			);
			sourceTree = "<group>";
		};
		ABF7F98823DCBFC300AB7E02 /* Products */ = {
			isa = PBXGroup;
			children = (
				ABF7F98723DCBFC300AB7E02 /* StarTychCli */,
				ABE2F81523F1F1FB00DB608E /* StarTychCliTests.xctest */,
			);
			name = Products;
			sourceTree = "<group>";
		};
		ABF7F98923DCBFC300AB7E02 /* StarTychCli */ = {
			isa = PBXGroup;
			children = (
				ABF7F98A23DCBFC300AB7E02 /* main.swift */,
			);
			path = StarTychCli;
			sourceTree = "<group>";
		};
/* End PBXGroup section */

/* Begin PBXNativeTarget section */
		ABE2F81423F1F1FB00DB608E /* StarTychCliTests */ = {
			isa = PBXNativeTarget;
			buildConfigurationList = ABE2F81C23F1F1FB00DB608E /* Build configuration list for PBXNativeTarget "StarTychCliTests" */;
			buildPhases = (
				ABE2F81123F1F1FB00DB608E /* Sources */,
				ABE2F81223F1F1FB00DB608E /* Frameworks */,
				ABE2F81323F1F1FB00DB608E /* Resources */,
			);
			buildRules = (
			);
			dependencies = (
			);
			name = StarTychCliTests;
			packageProductDependencies = (
				ABB4ADDF24297F50008D3D07 /* StarTychCore */,
			);
			productName = StarTychCliTests;
			productReference = ABE2F81523F1F1FB00DB608E /* StarTychCliTests.xctest */;
			productType = "com.apple.product-type.bundle.unit-test";
		};
		ABF7F98623DCBFC300AB7E02 /* StarTychCli */ = {
			isa = PBXNativeTarget;
			buildConfigurationList = ABF7F98E23DCBFC300AB7E02 /* Build configuration list for PBXNativeTarget "StarTychCli" */;
			buildPhases = (
				ABF7F98323DCBFC300AB7E02 /* Sources */,
				ABF7F98423DCBFC300AB7E02 /* Frameworks */,
				ABF7F98523DCBFC300AB7E02 /* CopyFiles */,
			);
			buildRules = (
			);
			dependencies = (
			);
			name = StarTychCli;
			packageProductDependencies = (
				ABAF09EA24297E5A00DCD93A /* StarTychCore */,
			);
			productName = StarTychCli;
			productReference = ABF7F98723DCBFC300AB7E02 /* StarTychCli */;
			productType = "com.apple.product-type.tool";
		};
/* End PBXNativeTarget section */

/* Begin PBXProject section */
		ABF7F97F23DCBFC300AB7E02 /* Project object */ = {
			isa = PBXProject;
			attributes = {
				LastSwiftUpdateCheck = 1130;
				LastUpgradeCheck = 1130;
				ORGANIZATIONNAME = "Intuitive Soup";
				TargetAttributes = {
					ABE2F81423F1F1FB00DB608E = {
						CreatedOnToolsVersion = 11.3.1;
					};
					ABF7F98623DCBFC300AB7E02 = {
						CreatedOnToolsVersion = 11.3.1;
					};
				};
			};
			buildConfigurationList = ABF7F98223DCBFC300AB7E02 /* Build configuration list for PBXProject "StarTychCli" */;
			compatibilityVersion = "Xcode 9.3";
			developmentRegion = en;
			hasScannedForEncodings = 0;
			knownRegions = (
				en,
				Base,
			);
			mainGroup = ABF7F97E23DCBFC300AB7E02;
			packageReferences = (
				ABAF09E924297E5A00DCD93A /* XCRemoteSwiftPackageReference "StarTychCore" */,
			);
			productRefGroup = ABF7F98823DCBFC300AB7E02 /* Products */;
			projectDirPath = "";
			projectRoot = "";
			targets = (
				ABF7F98623DCBFC300AB7E02 /* StarTychCli */,
				ABE2F81423F1F1FB00DB608E /* StarTychCliTests */,
			);
		};
/* End PBXProject section */

/* Begin PBXResourcesBuildPhase section */
		ABE2F81323F1F1FB00DB608E /* Resources */ = {
			isa = PBXResourcesBuildPhase;
			buildActionMask = 2147483647;
			files = (
				ABE2F82223F1F9B400DB608E /* TestAssets.xcassets in Resources */,
			);
			runOnlyForDeploymentPostprocessing = 0;
		};
/* End PBXResourcesBuildPhase section */

/* Begin PBXSourcesBuildPhase section */
		ABE2F81123F1F1FB00DB608E /* Sources */ = {
			isa = PBXSourcesBuildPhase;
			buildActionMask = 2147483647;
			files = (
				ABE2F81823F1F1FB00DB608E /* StarTychCliTests.swift in Sources */,
			);
			runOnlyForDeploymentPostprocessing = 0;
		};
		ABF7F98323DCBFC300AB7E02 /* Sources */ = {
			isa = PBXSourcesBuildPhase;
			buildActionMask = 2147483647;
			files = (
				ABF7F98B23DCBFC300AB7E02 /* main.swift in Sources */,
			);
			runOnlyForDeploymentPostprocessing = 0;
		};
/* End PBXSourcesBuildPhase section */

/* Begin XCBuildConfiguration section */
		ABE2F81A23F1F1FB00DB608E /* Debug */ = {
			isa = XCBuildConfiguration;
			buildSettings = {
				CODE_SIGN_STYLE = Automatic;
				COMBINE_HIDPI_IMAGES = YES;
				DEVELOPMENT_TEAM = X8FWY2A5G5;
				INFOPLIST_FILE = StarTychCliTests/Info.plist;
				LD_RUNPATH_SEARCH_PATHS = (
					"$(inherited)",
					"@executable_path/../Frameworks",
					"@loader_path/../Frameworks",
				);
				MACOSX_DEPLOYMENT_TARGET = 10.15;
				PRODUCT_BUNDLE_IDENTIFIER = IntuitiveSoup.StarTychCliTests;
				PRODUCT_NAME = "$(TARGET_NAME)";
				SWIFT_VERSION = 5.0;
			};
			name = Debug;
		};
		ABE2F81B23F1F1FB00DB608E /* Release */ = {
			isa = XCBuildConfiguration;
			buildSettings = {
				CODE_SIGN_STYLE = Automatic;
				COMBINE_HIDPI_IMAGES = YES;
				DEVELOPMENT_TEAM = X8FWY2A5G5;
				INFOPLIST_FILE = StarTychCliTests/Info.plist;
				LD_RUNPATH_SEARCH_PATHS = (
					"$(inherited)",
					"@executable_path/../Frameworks",
					"@loader_path/../Frameworks",
				);
				MACOSX_DEPLOYMENT_TARGET = 10.15;
				PRODUCT_BUNDLE_IDENTIFIER = IntuitiveSoup.StarTychCliTests;
				PRODUCT_NAME = "$(TARGET_NAME)";
				SWIFT_VERSION = 5.0;
			};
			name = Release;
		};
		ABF7F98C23DCBFC300AB7E02 /* Debug */ = {
			isa = XCBuildConfiguration;
			buildSettings = {
				ALWAYS_SEARCH_USER_PATHS = NO;
				CLANG_ANALYZER_NONNULL = YES;
				CLANG_ANALYZER_NUMBER_OBJECT_CONVERSION = YES_AGGRESSIVE;
				CLANG_CXX_LANGUAGE_STANDARD = "gnu++14";
				CLANG_CXX_LIBRARY = "libc++";
				CLANG_ENABLE_MODULES = YES;
				CLANG_ENABLE_OBJC_ARC = YES;
				CLANG_ENABLE_OBJC_WEAK = YES;
				CLANG_WARN_BLOCK_CAPTURE_AUTORELEASING = YES;
				CLANG_WARN_BOOL_CONVERSION = YES;
				CLANG_WARN_COMMA = YES;
				CLANG_WARN_CONSTANT_CONVERSION = YES;
				CLANG_WARN_DEPRECATED_OBJC_IMPLEMENTATIONS = YES;
				CLANG_WARN_DIRECT_OBJC_ISA_USAGE = YES_ERROR;
				CLANG_WARN_DOCUMENTATION_COMMENTS = YES;
				CLANG_WARN_EMPTY_BODY = YES;
				CLANG_WARN_ENUM_CONVERSION = YES;
				CLANG_WARN_INFINITE_RECURSION = YES;
				CLANG_WARN_INT_CONVERSION = YES;
				CLANG_WARN_NON_LITERAL_NULL_CONVERSION = YES;
				CLANG_WARN_OBJC_IMPLICIT_RETAIN_SELF = YES;
				CLANG_WARN_OBJC_LITERAL_CONVERSION = YES;
				CLANG_WARN_OBJC_ROOT_CLASS = YES_ERROR;
				CLANG_WARN_RANGE_LOOP_ANALYSIS = YES;
				CLANG_WARN_STRICT_PROTOTYPES = YES;
				CLANG_WARN_SUSPICIOUS_MOVE = YES;
				CLANG_WARN_UNGUARDED_AVAILABILITY = YES_AGGRESSIVE;
				CLANG_WARN_UNREACHABLE_CODE = YES;
				CLANG_WARN__DUPLICATE_METHOD_MATCH = YES;
				COPY_PHASE_STRIP = NO;
				DEBUG_INFORMATION_FORMAT = dwarf;
				ENABLE_STRICT_OBJC_MSGSEND = YES;
				ENABLE_TESTABILITY = YES;
				GCC_C_LANGUAGE_STANDARD = gnu11;
				GCC_DYNAMIC_NO_PIC = NO;
				GCC_NO_COMMON_BLOCKS = YES;
				GCC_OPTIMIZATION_LEVEL = 0;
				GCC_PREPROCESSOR_DEFINITIONS = (
					"DEBUG=1",
					"$(inherited)",
				);
				GCC_WARN_64_TO_32_BIT_CONVERSION = YES;
				GCC_WARN_ABOUT_RETURN_TYPE = YES_ERROR;
				GCC_WARN_UNDECLARED_SELECTOR = YES;
				GCC_WARN_UNINITIALIZED_AUTOS = YES_AGGRESSIVE;
				GCC_WARN_UNUSED_FUNCTION = YES;
				GCC_WARN_UNUSED_VARIABLE = YES;
				MACOSX_DEPLOYMENT_TARGET = 10.13;
				MTL_ENABLE_DEBUG_INFO = INCLUDE_SOURCE;
				MTL_FAST_MATH = YES;
				ONLY_ACTIVE_ARCH = YES;
				SDKROOT = macosx;
				SWIFT_ACTIVE_COMPILATION_CONDITIONS = DEBUG;
				SWIFT_OPTIMIZATION_LEVEL = "-Onone";
			};
			name = Debug;
		};
		ABF7F98D23DCBFC300AB7E02 /* Release */ = {
			isa = XCBuildConfiguration;
			buildSettings = {
				ALWAYS_SEARCH_USER_PATHS = NO;
				CLANG_ANALYZER_NONNULL = YES;
				CLANG_ANALYZER_NUMBER_OBJECT_CONVERSION = YES_AGGRESSIVE;
				CLANG_CXX_LANGUAGE_STANDARD = "gnu++14";
				CLANG_CXX_LIBRARY = "libc++";
				CLANG_ENABLE_MODULES = YES;
				CLANG_ENABLE_OBJC_ARC = YES;
				CLANG_ENABLE_OBJC_WEAK = YES;
				CLANG_WARN_BLOCK_CAPTURE_AUTORELEASING = YES;
				CLANG_WARN_BOOL_CONVERSION = YES;
				CLANG_WARN_COMMA = YES;
				CLANG_WARN_CONSTANT_CONVERSION = YES;
				CLANG_WARN_DEPRECATED_OBJC_IMPLEMENTATIONS = YES;
				CLANG_WARN_DIRECT_OBJC_ISA_USAGE = YES_ERROR;
				CLANG_WARN_DOCUMENTATION_COMMENTS = YES;
				CLANG_WARN_EMPTY_BODY = YES;
				CLANG_WARN_ENUM_CONVERSION = YES;
				CLANG_WARN_INFINITE_RECURSION = YES;
				CLANG_WARN_INT_CONVERSION = YES;
				CLANG_WARN_NON_LITERAL_NULL_CONVERSION = YES;
				CLANG_WARN_OBJC_IMPLICIT_RETAIN_SELF = YES;
				CLANG_WARN_OBJC_LITERAL_CONVERSION = YES;
				CLANG_WARN_OBJC_ROOT_CLASS = YES_ERROR;
				CLANG_WARN_RANGE_LOOP_ANALYSIS = YES;
				CLANG_WARN_STRICT_PROTOTYPES = YES;
				CLANG_WARN_SUSPICIOUS_MOVE = YES;
				CLANG_WARN_UNGUARDED_AVAILABILITY = YES_AGGRESSIVE;
				CLANG_WARN_UNREACHABLE_CODE = YES;
				CLANG_WARN__DUPLICATE_METHOD_MATCH = YES;
				COPY_PHASE_STRIP = NO;
				DEBUG_INFORMATION_FORMAT = "dwarf-with-dsym";
				ENABLE_NS_ASSERTIONS = NO;
				ENABLE_STRICT_OBJC_MSGSEND = YES;
				GCC_C_LANGUAGE_STANDARD = gnu11;
				GCC_NO_COMMON_BLOCKS = YES;
				GCC_WARN_64_TO_32_BIT_CONVERSION = YES;
				GCC_WARN_ABOUT_RETURN_TYPE = YES_ERROR;
				GCC_WARN_UNDECLARED_SELECTOR = YES;
				GCC_WARN_UNINITIALIZED_AUTOS = YES_AGGRESSIVE;
				GCC_WARN_UNUSED_FUNCTION = YES;
				GCC_WARN_UNUSED_VARIABLE = YES;
				MACOSX_DEPLOYMENT_TARGET = 10.13;
				MTL_ENABLE_DEBUG_INFO = NO;
				MTL_FAST_MATH = YES;
				SDKROOT = macosx;
				SWIFT_COMPILATION_MODE = wholemodule;
				SWIFT_OPTIMIZATION_LEVEL = "-O";
			};
			name = Release;
		};
		ABF7F98F23DCBFC300AB7E02 /* Debug */ = {
			isa = XCBuildConfiguration;
			buildSettings = {
				CODE_SIGN_STYLE = Automatic;
				DEVELOPMENT_TEAM = X8FWY2A5G5;
				ENABLE_HARDENED_RUNTIME = YES;
				PRODUCT_NAME = "$(TARGET_NAME)";
				SWIFT_VERSION = 5.0;
			};
			name = Debug;
		};
		ABF7F99023DCBFC300AB7E02 /* Release */ = {
			isa = XCBuildConfiguration;
			buildSettings = {
				CODE_SIGN_STYLE = Automatic;
				DEVELOPMENT_TEAM = X8FWY2A5G5;
				ENABLE_HARDENED_RUNTIME = YES;
				PRODUCT_NAME = "$(TARGET_NAME)";
				SWIFT_VERSION = 5.0;
			};
			name = Release;
		};
/* End XCBuildConfiguration section */

/* Begin XCConfigurationList section */
		ABE2F81C23F1F1FB00DB608E /* Build configuration list for PBXNativeTarget "StarTychCliTests" */ = {
			isa = XCConfigurationList;
			buildConfigurations = (
				ABE2F81A23F1F1FB00DB608E /* Debug */,
				ABE2F81B23F1F1FB00DB608E /* Release */,
			);
			defaultConfigurationIsVisible = 0;
			defaultConfigurationName = Release;
		};
		ABF7F98223DCBFC300AB7E02 /* Build configuration list for PBXProject "StarTychCli" */ = {
			isa = XCConfigurationList;
			buildConfigurations = (
				ABF7F98C23DCBFC300AB7E02 /* Debug */,
				ABF7F98D23DCBFC300AB7E02 /* Release */,
			);
			defaultConfigurationIsVisible = 0;
			defaultConfigurationName = Release;
		};
		ABF7F98E23DCBFC300AB7E02 /* Build configuration list for PBXNativeTarget "StarTychCli" */ = {
			isa = XCConfigurationList;
			buildConfigurations = (
				ABF7F98F23DCBFC300AB7E02 /* Debug */,
				ABF7F99023DCBFC300AB7E02 /* Release */,
			);
			defaultConfigurationIsVisible = 0;
			defaultConfigurationName = Release;
		};
/* End XCConfigurationList section */

/* Begin XCRemoteSwiftPackageReference section */
		ABAF09E924297E5A00DCD93A /* XCRemoteSwiftPackageReference "StarTychCore" */ = {
			isa = XCRemoteSwiftPackageReference;
			repositoryURL = "git@github.com:jonathanboom/StarTychCore.git";
			requirement = {
				branch = master;
				kind = branch;
			};
		};
/* End XCRemoteSwiftPackageReference section */

/* Begin XCSwiftPackageProductDependency section */
		ABAF09EA24297E5A00DCD93A /* StarTychCore */ = {
			isa = XCSwiftPackageProductDependency;
			package = ABAF09E924297E5A00DCD93A /* XCRemoteSwiftPackageReference "StarTychCore" */;
			productName = StarTychCore;
		};
		ABB4ADDF24297F50008D3D07 /* StarTychCore */ = {
			isa = XCSwiftPackageProductDependency;
			package = ABAF09E924297E5A00DCD93A /* XCRemoteSwiftPackageReference "StarTychCore" */;
			productName = StarTychCore;
		};
/* End XCSwiftPackageProductDependency section */
	};
	rootObject = ABF7F97F23DCBFC300AB7E02 /* Project object */;
}
