{
  "object": {
    "pins": [
      {
        "package": "StarTychCore",
        "repositoryURL": "/Users/jonathan/Documents/Sources/StarTychCore",
        "state": {
          "branch": "master",
          "revision": "2200024e106890d2c8b582b4b05ec3ecd9400712",
          "version": null
        }
      }
    ]
  },
  "version": 1
}
