{
  "object": {
    "pins": [
      {
        "package": "StarTychCore",
        "repositoryURL": "/Users/jonathan/Documents/Sources/StarTychCore",
        "state": {
          "branch": "feature/cropping",
          "revision": "4b8e764e63b0107fdcd6e9d36c31032b5b5e0497",
          "version": null
        }
      }
    ]
  },
  "version": 1
}
