{
  "object": {
    "pins": [
      {
        "package": "StarTychCore",
        "repositoryURL": "/Users/jonathan/Documents/Sources/StarTychCore",
        "state": {
          "branch": "master",
          "revision": "4cae619bd54cbf75ff207d95c668945f80155ab8",
          "version": null
        }
      }
    ]
  },
  "version": 1
}
